
Microsoft Visual Studio Solution File, Format Version 12.00
# Visual Studio Version 17
VisualStudioVersion = 17.5.33424.131
MinimumVisualStudioVersion = 10.0.40219.1
Project("{9A19103F-16F7-4668-BE54-9A1E7A4F7556}") = "XML_feed_generator", "XML_feed_generator\XML_feed_generator.csproj", "{6B10E1FC-CB30-4D6F-A4A2-FCDB86FCA22A}"
EndProject
Global
	GlobalSection(SolutionConfigurationPlatforms) = preSolution
		Debug|Any CPU = Debug|Any CPU
		Release|Any CPU = Release|Any CPU
	EndGlobalSection
	GlobalSection(ProjectConfigurationPlatforms) = postSolution
		{6B10E1FC-CB30-4D6F-A4A2-FCDB86FCA22A}.Debug|Any CPU.ActiveCfg = Debug|Any CPU
		{6B10E1FC-CB30-4D6F-A4A2-FCDB86FCA22A}.Debug|Any CPU.Build.0 = Debug|Any CPU
		{6B10E1FC-CB30-4D6F-A4A2-FCDB86FCA22A}.Release|Any CPU.ActiveCfg = Release|Any CPU
		{6B10E1FC-CB30-4D6F-A4A2-FCDB86FCA22A}.Release|Any CPU.Build.0 = Release|Any CPU
	EndGlobalSection
	GlobalSection(SolutionProperties) = preSolution
		HideSolutionNode = FALSE
	EndGlobalSection
	GlobalSection(ExtensibilityGlobals) = postSolution
		SolutionGuid = {B8F7C310-B794-491E-8412-2D4AB4EF6172}
	EndGlobalSection
EndGlobal
